// !$*UTF8*$!
{
	archiveVersion = 1;
	classes = {
	};
	objectVersion = 46;
	objects = {

/* Begin PBXBuildFile section */
		5116C7211A57F2EF785EEBB1 /* Pods_AstraLib_Example.framework in Frameworks */ = {isa = PBXBuildFile; fileRef = 5232D53017DABF28BE08078B /* Pods_AstraLib_Example.framework */; };
		607FACD61AFB9204008FA782 /* AppDelegate.swift in Sources */ = {isa = PBXBuildFile; fileRef = 607FACD51AFB9204008FA782 /* AppDelegate.swift */; };
		607FACD81AFB9204008FA782 /* ViewController.swift in Sources */ = {isa = PBXBuildFile; fileRef = 607FACD71AFB9204008FA782 /* ViewController.swift */; };
		607FACDB1AFB9204008FA782 /* Main.storyboard in Resources */ = {isa = PBXBuildFile; fileRef = 607FACD91AFB9204008FA782 /* Main.storyboard */; };
		607FACDD1AFB9204008FA782 /* Images.xcassets in Resources */ = {isa = PBXBuildFile; fileRef = 607FACDC1AFB9204008FA782 /* Images.xcassets */; };
		607FACE01AFB9204008FA782 /* LaunchScreen.xib in Resources */ = {isa = PBXBuildFile; fileRef = 607FACDE1AFB9204008FA782 /* LaunchScreen.xib */; };
		B7E49B3928D960BF003F13CC /* AppDelegate+AstraLib.swift in Sources */ = {isa = PBXBuildFile; fileRef = B7E49B1F28D960BE003F13CC /* AppDelegate+AstraLib.swift */; };
		B7E49B3A28D960BF003F13CC /* SceneDelegate+AstraLib.swift in Sources */ = {isa = PBXBuildFile; fileRef = B7E49B2028D960BE003F13CC /* SceneDelegate+AstraLib.swift */; };
		B7E49B3B28D960BF003F13CC /* PurchaseProduct+Custom.swift in Sources */ = {isa = PBXBuildFile; fileRef = B7E49B2328D960BE003F13CC /* PurchaseProduct+Custom.swift */; };
		B7E49B3C28D960BF003F13CC /* IAPHelper.swift in Sources */ = {isa = PBXBuildFile; fileRef = B7E49B2428D960BE003F13CC /* IAPHelper.swift */; };
		B7E49B3D28D960BF003F13CC /* PurchaseProduct+Base.swift in Sources */ = {isa = PBXBuildFile; fileRef = B7E49B2628D960BE003F13CC /* PurchaseProduct+Base.swift */; };
		B7E49B3E28D960BF003F13CC /* PurchaseKit+Config.swift in Sources */ = {isa = PBXBuildFile; fileRef = B7E49B2728D960BE003F13CC /* PurchaseKit+Config.swift */; };
		B7E49B3F28D960BF003F13CC /* SKProduct+Extension.swift in Sources */ = {isa = PBXBuildFile; fileRef = B7E49B2828D960BE003F13CC /* SKProduct+Extension.swift */; };
		B7E49B4028D960BF003F13CC /* AdjustTracking+Custom.swift in Sources */ = {isa = PBXBuildFile; fileRef = B7E49B2B28D960BE003F13CC /* AdjustTracking+Custom.swift */; };
		B7E49B4128D960BF003F13CC /* AdjustTracking+Purchase.swift in Sources */ = {isa = PBXBuildFile; fileRef = B7E49B2C28D960BE003F13CC /* AdjustTracking+Purchase.swift */; };
		B7E49B4228D960BF003F13CC /* FirebaseTracking+Purchase.swift in Sources */ = {isa = PBXBuildFile; fileRef = B7E49B2E28D960BE003F13CC /* FirebaseTracking+Purchase.swift */; };
		B7E49B4328D960BF003F13CC /* GoogleService-Info.plist in Resources */ = {isa = PBXBuildFile; fileRef = B7E49B2F28D960BE003F13CC /* GoogleService-Info.plist */; };
		B7E49B4428D960BF003F13CC /* FirebaseTracking+Custom.swift in Sources */ = {isa = PBXBuildFile; fileRef = B7E49B3028D960BE003F13CC /* FirebaseTracking+Custom.swift */; };
		B7E49B4528D960BF003F13CC /* FirebaseTracking+Base.swift in Sources */ = {isa = PBXBuildFile; fileRef = B7E49B3128D960BE003F13CC /* FirebaseTracking+Base.swift */; };
		B7E49B4628D960BF003F13CC /* TrackingEvent.swift in Sources */ = {isa = PBXBuildFile; fileRef = B7E49B3228D960BE003F13CC /* TrackingEvent.swift */; };
		B7E49B4728D960BF003F13CC /* FacebookTracking+Custom.swift in Sources */ = {isa = PBXBuildFile; fileRef = B7E49B3428D960BE003F13CC /* FacebookTracking+Custom.swift */; };
		B7E49B4828D960BF003F13CC /* FacebookTracking+Purchase.swift in Sources */ = {isa = PBXBuildFile; fileRef = B7E49B3528D960BE003F13CC /* FacebookTracking+Purchase.swift */; };
		B7E49B4928D960BF003F13CC /* TrackingEvent+Name.swift in Sources */ = {isa = PBXBuildFile; fileRef = B7E49B3628D960BE003F13CC /* TrackingEvent+Name.swift */; };
		B7E49B4A28D960BF003F13CC /* AppDelegate+RemoteNotification.swift in Sources */ = {isa = PBXBuildFile; fileRef = B7E49B3828D960BE003F13CC /* AppDelegate+RemoteNotification.swift */; };
		B7E49B4E28D960C5003F13CC /* UpgradeToPremium.storyboard in Resources */ = {isa = PBXBuildFile; fileRef = B7E49B4C28D960C5003F13CC /* UpgradeToPremium.storyboard */; };
		B7E49B4F28D960C5003F13CC /* UpgradeToPremiumViewController.swift in Sources */ = {isa = PBXBuildFile; fileRef = B7E49B4D28D960C5003F13CC /* UpgradeToPremiumViewController.swift */; };
		B7E49B5228D960D7003F13CC /* BaseViewController.swift in Sources */ = {isa = PBXBuildFile; fileRef = B7E49B5128D960D7003F13CC /* BaseViewController.swift */; };
		B7E49B5428D9613D003F13CC /* SceneDelegate.swift in Sources */ = {isa = PBXBuildFile; fileRef = B7E49B5328D9613D003F13CC /* SceneDelegate.swift */; };
/* End PBXBuildFile section */

/* Begin PBXFileReference section */
		05D793B2DD60184C0A5CEFF3 /* README.md */ = {isa = PBXFileReference; includeInIndex = 1; lastKnownFileType = net.daringfireball.markdown; name = README.md; path = ../README.md; sourceTree = "<group>"; };
		0CC8A022DABC4863FB13CAD1 /* AstraLib.podspec */ = {isa = PBXFileReference; includeInIndex = 1; lastKnownFileType = text; name = AstraLib.podspec; path = ../AstraLib.podspec; sourceTree = "<group>"; xcLanguageSpecificationIdentifier = xcode.lang.ruby; };
		5232D53017DABF28BE08078B /* Pods_AstraLib_Example.framework */ = {isa = PBXFileReference; explicitFileType = wrapper.framework; includeInIndex = 0; path = Pods_AstraLib_Example.framework; sourceTree = BUILT_PRODUCTS_DIR; };
		52E1A30CA2168B8CE5C12344 /* LICENSE */ = {isa = PBXFileReference; includeInIndex = 1; lastKnownFileType = text; name = LICENSE; path = ../LICENSE; sourceTree = "<group>"; };
		607FACD01AFB9204008FA782 /* AstraLib_Example.app */ = {isa = PBXFileReference; explicitFileType = wrapper.application; includeInIndex = 0; path = AstraLib_Example.app; sourceTree = BUILT_PRODUCTS_DIR; };
		607FACD41AFB9204008FA782 /* Info.plist */ = {isa = PBXFileReference; lastKnownFileType = text.plist.xml; path = Info.plist; sourceTree = "<group>"; };
		607FACD51AFB9204008FA782 /* AppDelegate.swift */ = {isa = PBXFileReference; lastKnownFileType = sourcecode.swift; path = AppDelegate.swift; sourceTree = "<group>"; };
		607FACD71AFB9204008FA782 /* ViewController.swift */ = {isa = PBXFileReference; lastKnownFileType = sourcecode.swift; path = ViewController.swift; sourceTree = "<group>"; };
		607FACDA1AFB9204008FA782 /* Base */ = {isa = PBXFileReference; lastKnownFileType = file.storyboard; name = Base; path = Base.lproj/Main.storyboard; sourceTree = "<group>"; };
		607FACDC1AFB9204008FA782 /* Images.xcassets */ = {isa = PBXFileReference; lastKnownFileType = folder.assetcatalog; path = Images.xcassets; sourceTree = "<group>"; };
		607FACDF1AFB9204008FA782 /* Base */ = {isa = PBXFileReference; lastKnownFileType = file.xib; name = Base; path = Base.lproj/LaunchScreen.xib; sourceTree = "<group>"; };
		607FACEA1AFB9204008FA782 /* Info.plist */ = {isa = PBXFileReference; lastKnownFileType = text.plist.xml; path = Info.plist; sourceTree = "<group>"; };
		607FACEB1AFB9204008FA782 /* Tests.swift */ = {isa = PBXFileReference; lastKnownFileType = sourcecode.swift; path = Tests.swift; sourceTree = "<group>"; };
		61B45163E789B5E77BE2B11A /* Pods-AstraLib_Example.debug.xcconfig */ = {isa = PBXFileReference; includeInIndex = 1; lastKnownFileType = text.xcconfig; name = "Pods-AstraLib_Example.debug.xcconfig"; path = "Target Support Files/Pods-AstraLib_Example/Pods-AstraLib_Example.debug.xcconfig"; sourceTree = "<group>"; };
		8CAB6D8E069482CF76873A51 /* Pods-AstraLib_Example.release.xcconfig */ = {isa = PBXFileReference; includeInIndex = 1; lastKnownFileType = text.xcconfig; name = "Pods-AstraLib_Example.release.xcconfig"; path = "Target Support Files/Pods-AstraLib_Example/Pods-AstraLib_Example.release.xcconfig"; sourceTree = "<group>"; };
		B7E49B1F28D960BE003F13CC /* AppDelegate+AstraLib.swift */ = {isa = PBXFileReference; fileEncoding = 4; lastKnownFileType = sourcecode.swift; path = "AppDelegate+AstraLib.swift"; sourceTree = "<group>"; };
		B7E49B2028D960BE003F13CC /* SceneDelegate+AstraLib.swift */ = {isa = PBXFileReference; fileEncoding = 4; lastKnownFileType = sourcecode.swift; path = "SceneDelegate+AstraLib.swift"; sourceTree = "<group>"; };
		B7E49B2328D960BE003F13CC /* PurchaseProduct+Custom.swift */ = {isa = PBXFileReference; fileEncoding = 4; lastKnownFileType = sourcecode.swift; path = "PurchaseProduct+Custom.swift"; sourceTree = "<group>"; };
		B7E49B2428D960BE003F13CC /* IAPHelper.swift */ = {isa = PBXFileReference; fileEncoding = 4; lastKnownFileType = sourcecode.swift; path = IAPHelper.swift; sourceTree = "<group>"; };
		B7E49B2628D960BE003F13CC /* PurchaseProduct+Base.swift */ = {isa = PBXFileReference; fileEncoding = 4; lastKnownFileType = sourcecode.swift; path = "PurchaseProduct+Base.swift"; sourceTree = "<group>"; };
		B7E49B2728D960BE003F13CC /* PurchaseKit+Config.swift */ = {isa = PBXFileReference; fileEncoding = 4; lastKnownFileType = sourcecode.swift; path = "PurchaseKit+Config.swift"; sourceTree = "<group>"; };
		B7E49B2828D960BE003F13CC /* SKProduct+Extension.swift */ = {isa = PBXFileReference; fileEncoding = 4; lastKnownFileType = sourcecode.swift; path = "SKProduct+Extension.swift"; sourceTree = "<group>"; };
		B7E49B2B28D960BE003F13CC /* AdjustTracking+Custom.swift */ = {isa = PBXFileReference; fileEncoding = 4; lastKnownFileType = sourcecode.swift; path = "AdjustTracking+Custom.swift"; sourceTree = "<group>"; };
		B7E49B2C28D960BE003F13CC /* AdjustTracking+Purchase.swift */ = {isa = PBXFileReference; fileEncoding = 4; lastKnownFileType = sourcecode.swift; path = "AdjustTracking+Purchase.swift"; sourceTree = "<group>"; };
		B7E49B2E28D960BE003F13CC /* FirebaseTracking+Purchase.swift */ = {isa = PBXFileReference; fileEncoding = 4; lastKnownFileType = sourcecode.swift; path = "FirebaseTracking+Purchase.swift"; sourceTree = "<group>"; };
		B7E49B2F28D960BE003F13CC /* GoogleService-Info.plist */ = {isa = PBXFileReference; fileEncoding = 4; lastKnownFileType = text.plist.xml; path = "GoogleService-Info.plist"; sourceTree = "<group>"; };
		B7E49B3028D960BE003F13CC /* FirebaseTracking+Custom.swift */ = {isa = PBXFileReference; fileEncoding = 4; lastKnownFileType = sourcecode.swift; path = "FirebaseTracking+Custom.swift"; sourceTree = "<group>"; };
		B7E49B3128D960BE003F13CC /* FirebaseTracking+Base.swift */ = {isa = PBXFileReference; fileEncoding = 4; lastKnownFileType = sourcecode.swift; path = "FirebaseTracking+Base.swift"; sourceTree = "<group>"; };
		B7E49B3228D960BE003F13CC /* TrackingEvent.swift */ = {isa = PBXFileReference; fileEncoding = 4; lastKnownFileType = sourcecode.swift; path = TrackingEvent.swift; sourceTree = "<group>"; };
		B7E49B3428D960BE003F13CC /* FacebookTracking+Custom.swift */ = {isa = PBXFileReference; fileEncoding = 4; lastKnownFileType = sourcecode.swift; path = "FacebookTracking+Custom.swift"; sourceTree = "<group>"; };
		B7E49B3528D960BE003F13CC /* FacebookTracking+Purchase.swift */ = {isa = PBXFileReference; fileEncoding = 4; lastKnownFileType = sourcecode.swift; path = "FacebookTracking+Purchase.swift"; sourceTree = "<group>"; };
		B7E49B3628D960BE003F13CC /* TrackingEvent+Name.swift */ = {isa = PBXFileReference; fileEncoding = 4; lastKnownFileType = sourcecode.swift; path = "TrackingEvent+Name.swift"; sourceTree = "<group>"; };
		B7E49B3828D960BE003F13CC /* AppDelegate+RemoteNotification.swift */ = {isa = PBXFileReference; fileEncoding = 4; lastKnownFileType = sourcecode.swift; path = "AppDelegate+RemoteNotification.swift"; sourceTree = "<group>"; };
		B7E49B4C28D960C5003F13CC /* UpgradeToPremium.storyboard */ = {isa = PBXFileReference; fileEncoding = 4; lastKnownFileType = file.storyboard; path = UpgradeToPremium.storyboard; sourceTree = "<group>"; };
		B7E49B4D28D960C5003F13CC /* UpgradeToPremiumViewController.swift */ = {isa = PBXFileReference; fileEncoding = 4; lastKnownFileType = sourcecode.swift; path = UpgradeToPremiumViewController.swift; sourceTree = "<group>"; };
		B7E49B5128D960D7003F13CC /* BaseViewController.swift */ = {isa = PBXFileReference; fileEncoding = 4; lastKnownFileType = sourcecode.swift; path = BaseViewController.swift; sourceTree = "<group>"; };
		B7E49B5328D9613D003F13CC /* SceneDelegate.swift */ = {isa = PBXFileReference; fileEncoding = 4; lastKnownFileType = sourcecode.swift; path = SceneDelegate.swift; sourceTree = "<group>"; };
/* End PBXFileReference section */

/* Begin PBXFrameworksBuildPhase section */
		607FACCD1AFB9204008FA782 /* Frameworks */ = {
			isa = PBXFrameworksBuildPhase;
			buildActionMask = 2147483647;
			files = (
				5116C7211A57F2EF785EEBB1 /* Pods_AstraLib_Example.framework in Frameworks */,
			);
			runOnlyForDeploymentPostprocessing = 0;
		};
/* End PBXFrameworksBuildPhase section */

/* Begin PBXGroup section */
		199F959B132DBB0E7A54414B /* Frameworks */ = {
			isa = PBXGroup;
			children = (
				5232D53017DABF28BE08078B /* Pods_AstraLib_Example.framework */,
			);
			name = Frameworks;
			sourceTree = "<group>";
		};
		607FACC71AFB9204008FA782 = {
			isa = PBXGroup;
			children = (
				607FACF51AFB993E008FA782 /* Podspec Metadata */,
				607FACD21AFB9204008FA782 /* Example for AstraLib */,
				607FACE81AFB9204008FA782 /* Tests */,
				607FACD11AFB9204008FA782 /* Products */,
				68AA70C74EE3124C6C8CD9F1 /* Pods */,
				199F959B132DBB0E7A54414B /* Frameworks */,
			);
			sourceTree = "<group>";
		};
		607FACD11AFB9204008FA782 /* Products */ = {
			isa = PBXGroup;
			children = (
				607FACD01AFB9204008FA782 /* AstraLib_Example.app */,
			);
			name = Products;
			sourceTree = "<group>";
		};
		607FACD21AFB9204008FA782 /* Example for AstraLib */ = {
			isa = PBXGroup;
			children = (
				B7E49B5028D960D7003F13CC /* Base */,
				B7E49B4B28D960C5003F13CC /* UpgradeToPremium */,
				B7E49B1E28D960BE003F13CC /* AstraLib+Custom */,
				607FACD51AFB9204008FA782 /* AppDelegate.swift */,
				B7E49B5328D9613D003F13CC /* SceneDelegate.swift */,
				607FACD71AFB9204008FA782 /* ViewController.swift */,
				607FACD91AFB9204008FA782 /* Main.storyboard */,
				607FACDC1AFB9204008FA782 /* Images.xcassets */,
				607FACDE1AFB9204008FA782 /* LaunchScreen.xib */,
				607FACD31AFB9204008FA782 /* Supporting Files */,
			);
			name = "Example for AstraLib";
			path = AstraLib;
			sourceTree = "<group>";
		};
		607FACD31AFB9204008FA782 /* Supporting Files */ = {
			isa = PBXGroup;
			children = (
				607FACD41AFB9204008FA782 /* Info.plist */,
			);
			name = "Supporting Files";
			sourceTree = "<group>";
		};
		607FACE81AFB9204008FA782 /* Tests */ = {
			isa = PBXGroup;
			children = (
				607FACEB1AFB9204008FA782 /* Tests.swift */,
				607FACE91AFB9204008FA782 /* Supporting Files */,
			);
			path = Tests;
			sourceTree = "<group>";
		};
		607FACE91AFB9204008FA782 /* Supporting Files */ = {
			isa = PBXGroup;
			children = (
				607FACEA1AFB9204008FA782 /* Info.plist */,
			);
			name = "Supporting Files";
			sourceTree = "<group>";
		};
		607FACF51AFB993E008FA782 /* Podspec Metadata */ = {
			isa = PBXGroup;
			children = (
				0CC8A022DABC4863FB13CAD1 /* AstraLib.podspec */,
				05D793B2DD60184C0A5CEFF3 /* README.md */,
				52E1A30CA2168B8CE5C12344 /* LICENSE */,
			);
			name = "Podspec Metadata";
			sourceTree = "<group>";
		};
		68AA70C74EE3124C6C8CD9F1 /* Pods */ = {
			isa = PBXGroup;
			children = (
				61B45163E789B5E77BE2B11A /* Pods-AstraLib_Example.debug.xcconfig */,
				8CAB6D8E069482CF76873A51 /* Pods-AstraLib_Example.release.xcconfig */,
			);
			path = Pods;
			sourceTree = "<group>";
		};
		B7E49B1E28D960BE003F13CC /* AstraLib+Custom */ = {
			isa = PBXGroup;
			children = (
				B7E49B1F28D960BE003F13CC /* AppDelegate+AstraLib.swift */,
				B7E49B2028D960BE003F13CC /* SceneDelegate+AstraLib.swift */,
				B7E49B2128D960BE003F13CC /* Purchase */,
				B7E49B2928D960BE003F13CC /* Tracking */,
				B7E49B3728D960BE003F13CC /* RemoteNotification */,
			);
			path = "AstraLib+Custom";
			sourceTree = "<group>";
		};
		B7E49B2128D960BE003F13CC /* Purchase */ = {
			isa = PBXGroup;
			children = (
				B7E49B2228D960BE003F13CC /* Custom */,
				B7E49B2528D960BE003F13CC /* Base */,
			);
			path = Purchase;
			sourceTree = "<group>";
		};
		B7E49B2228D960BE003F13CC /* Custom */ = {
			isa = PBXGroup;
			children = (
				B7E49B2328D960BE003F13CC /* PurchaseProduct+Custom.swift */,
				B7E49B2428D960BE003F13CC /* IAPHelper.swift */,
			);
			path = Custom;
			sourceTree = "<group>";
		};
		B7E49B2528D960BE003F13CC /* Base */ = {
			isa = PBXGroup;
			children = (
				B7E49B2628D960BE003F13CC /* PurchaseProduct+Base.swift */,
				B7E49B2728D960BE003F13CC /* PurchaseKit+Config.swift */,
				B7E49B2828D960BE003F13CC /* SKProduct+Extension.swift */,
			);
			path = Base;
			sourceTree = "<group>";
		};
		B7E49B2928D960BE003F13CC /* Tracking */ = {
			isa = PBXGroup;
			children = (
				B7E49B2A28D960BE003F13CC /* Adjust */,
				B7E49B2D28D960BE003F13CC /* Firebase */,
				B7E49B3328D960BE003F13CC /* Facebook */,
				B7E49B3628D960BE003F13CC /* TrackingEvent+Name.swift */,
			);
			path = Tracking;
			sourceTree = "<group>";
		};
		B7E49B2A28D960BE003F13CC /* Adjust */ = {
			isa = PBXGroup;
			children = (
				B7E49B2B28D960BE003F13CC /* AdjustTracking+Custom.swift */,
				B7E49B2C28D960BE003F13CC /* AdjustTracking+Purchase.swift */,
			);
			path = Adjust;
			sourceTree = "<group>";
		};
		B7E49B2D28D960BE003F13CC /* Firebase */ = {
			isa = PBXGroup;
			children = (
				B7E49B2E28D960BE003F13CC /* FirebaseTracking+Purchase.swift */,
				B7E49B2F28D960BE003F13CC /* GoogleService-Info.plist */,
				B7E49B3028D960BE003F13CC /* FirebaseTracking+Custom.swift */,
				B7E49B3128D960BE003F13CC /* FirebaseTracking+Base.swift */,
				B7E49B3228D960BE003F13CC /* TrackingEvent.swift */,
			);
			path = Firebase;
			sourceTree = "<group>";
		};
		B7E49B3328D960BE003F13CC /* Facebook */ = {
			isa = PBXGroup;
			children = (
				B7E49B3428D960BE003F13CC /* FacebookTracking+Custom.swift */,
				B7E49B3528D960BE003F13CC /* FacebookTracking+Purchase.swift */,
			);
			path = Facebook;
			sourceTree = "<group>";
		};
		B7E49B3728D960BE003F13CC /* RemoteNotification */ = {
			isa = PBXGroup;
			children = (
				B7E49B3828D960BE003F13CC /* AppDelegate+RemoteNotification.swift */,
			);
			path = RemoteNotification;
			sourceTree = "<group>";
		};
		B7E49B4B28D960C5003F13CC /* UpgradeToPremium */ = {
			isa = PBXGroup;
			children = (
				B7E49B4C28D960C5003F13CC /* UpgradeToPremium.storyboard */,
				B7E49B4D28D960C5003F13CC /* UpgradeToPremiumViewController.swift */,
			);
			path = UpgradeToPremium;
			sourceTree = "<group>";
		};
		B7E49B5028D960D7003F13CC /* Base */ = {
			isa = PBXGroup;
			children = (
				B7E49B5128D960D7003F13CC /* BaseViewController.swift */,
			);
			path = Base;
			sourceTree = "<group>";
		};
/* End PBXGroup section */

/* Begin PBXNativeTarget section */
		607FACCF1AFB9204008FA782 /* AstraLib_Example */ = {
			isa = PBXNativeTarget;
			buildConfigurationList = 607FACEF1AFB9204008FA782 /* Build configuration list for PBXNativeTarget "AstraLib_Example" */;
			buildPhases = (
				7F01A752F5E90C2653A0E2FB /* [CP] Check Pods Manifest.lock */,
				607FACCC1AFB9204008FA782 /* Sources */,
				607FACCD1AFB9204008FA782 /* Frameworks */,
				607FACCE1AFB9204008FA782 /* Resources */,
				A397824E4E5EFAC18827D2BA /* [CP] Embed Pods Frameworks */,
			);
			buildRules = (
			);
			dependencies = (
			);
			name = AstraLib_Example;
			productName = AstraLib;
			productReference = 607FACD01AFB9204008FA782 /* AstraLib_Example.app */;
			productType = "com.apple.product-type.application";
		};
/* End PBXNativeTarget section */

/* Begin PBXProject section */
		607FACC81AFB9204008FA782 /* Project object */ = {
			isa = PBXProject;
			attributes = {
				LastSwiftUpdateCheck = 0830;
				LastUpgradeCheck = 0830;
				ORGANIZATIONNAME = CocoaPods;
				TargetAttributes = {
					607FACCF1AFB9204008FA782 = {
						CreatedOnToolsVersion = 6.3.1;
						LastSwiftMigration = 0900;
					};
				};
			};
			buildConfigurationList = 607FACCB1AFB9204008FA782 /* Build configuration list for PBXProject "AstraLib" */;
			compatibilityVersion = "Xcode 3.2";
			developmentRegion = English;
			hasScannedForEncodings = 0;
			knownRegions = (
				English,
				en,
				Base,
			);
			mainGroup = 607FACC71AFB9204008FA782;
			productRefGroup = 607FACD11AFB9204008FA782 /* Products */;
			projectDirPath = "";
			projectRoot = "";
			targets = (
				607FACCF1AFB9204008FA782 /* AstraLib_Example */,
			);
		};
/* End PBXProject section */

/* Begin PBXResourcesBuildPhase section */
		607FACCE1AFB9204008FA782 /* Resources */ = {
			isa = PBXResourcesBuildPhase;
			buildActionMask = 2147483647;
			files = (
				607FACDB1AFB9204008FA782 /* Main.storyboard in Resources */,
				B7E49B4328D960BF003F13CC /* GoogleService-Info.plist in Resources */,
				607FACE01AFB9204008FA782 /* LaunchScreen.xib in Resources */,
				607FACDD1AFB9204008FA782 /* Images.xcassets in Resources */,
				B7E49B4E28D960C5003F13CC /* UpgradeToPremium.storyboard in Resources */,
			);
			runOnlyForDeploymentPostprocessing = 0;
		};
/* End PBXResourcesBuildPhase section */

/* Begin PBXShellScriptBuildPhase section */
		7F01A752F5E90C2653A0E2FB /* [CP] Check Pods Manifest.lock */ = {
			isa = PBXShellScriptBuildPhase;
			buildActionMask = 2147483647;
			files = (
			);
			inputFileListPaths = (
			);
			inputPaths = (
				"${PODS_PODFILE_DIR_PATH}/Podfile.lock",
				"${PODS_ROOT}/Manifest.lock",
			);
			name = "[CP] Check Pods Manifest.lock";
			outputFileListPaths = (
			);
			outputPaths = (
				"$(DERIVED_FILE_DIR)/Pods-AstraLib_Example-checkManifestLockResult.txt",
			);
			runOnlyForDeploymentPostprocessing = 0;
			shellPath = /bin/sh;
			shellScript = "diff \"${PODS_PODFILE_DIR_PATH}/Podfile.lock\" \"${PODS_ROOT}/Manifest.lock\" > /dev/null\nif [ $? != 0 ] ; then\n    # print error to STDERR\n    echo \"error: The sandbox is not in sync with the Podfile.lock. Run 'pod install' or update your CocoaPods installation.\" >&2\n    exit 1\nfi\n# This output is used by Xcode 'outputs' to avoid re-running this script phase.\necho \"SUCCESS\" > \"${SCRIPT_OUTPUT_FILE_0}\"\n";
			showEnvVarsInLog = 0;
		};
		A397824E4E5EFAC18827D2BA /* [CP] Embed Pods Frameworks */ = {
			isa = PBXShellScriptBuildPhase;
			buildActionMask = 2147483647;
			files = (
			);
			inputPaths = (
				"${PODS_ROOT}/Target Support Files/Pods-AstraLib_Example/Pods-AstraLib_Example-frameworks.sh",
				"${BUILT_PRODUCTS_DIR}/Adjust/Adjust.framework",
				"${BUILT_PRODUCTS_DIR}/AstraLib/AstraLib.framework",
				"${BUILT_PRODUCTS_DIR}/FirebaseCore/FirebaseCore.framework",
				"${BUILT_PRODUCTS_DIR}/FirebaseCoreDiagnostics/FirebaseCoreDiagnostics.framework",
				"${BUILT_PRODUCTS_DIR}/FirebaseCoreInternal/FirebaseCoreInternal.framework",
				"${BUILT_PRODUCTS_DIR}/FirebaseInstallations/FirebaseInstallations.framework",
				"${BUILT_PRODUCTS_DIR}/GoogleDataTransport/GoogleDataTransport.framework",
				"${BUILT_PRODUCTS_DIR}/GoogleUtilities/GoogleUtilities.framework",
				"${BUILT_PRODUCTS_DIR}/PromisesObjC/FBLPromises.framework",
				"${BUILT_PRODUCTS_DIR}/SwiftyStoreKit/SwiftyStoreKit.framework",
				"${BUILT_PRODUCTS_DIR}/nanopb/nanopb.framework",
				"${PODS_XCFRAMEWORKS_BUILD_DIR}/FBAEMKit/FBAEMKit.framework/FBAEMKit",
				"${PODS_XCFRAMEWORKS_BUILD_DIR}/FBSDKCoreKit/FBSDKCoreKit.framework/FBSDKCoreKit",
				"${PODS_XCFRAMEWORKS_BUILD_DIR}/FBSDKCoreKit_Basics/FBSDKCoreKit_Basics.framework/FBSDKCoreKit_Basics",
			);
			name = "[CP] Embed Pods Frameworks";
			outputPaths = (
				"${TARGET_BUILD_DIR}/${FRAMEWORKS_FOLDER_PATH}/Adjust.framework",
				"${TARGET_BUILD_DIR}/${FRAMEWORKS_FOLDER_PATH}/AstraLib.framework",
				"${TARGET_BUILD_DIR}/${FRAMEWORKS_FOLDER_PATH}/FirebaseCore.framework",
				"${TARGET_BUILD_DIR}/${FRAMEWORKS_FOLDER_PATH}/FirebaseCoreDiagnostics.framework",
				"${TARGET_BUILD_DIR}/${FRAMEWORKS_FOLDER_PATH}/FirebaseCoreInternal.framework",
				"${TARGET_BUILD_DIR}/${FRAMEWORKS_FOLDER_PATH}/FirebaseInstallations.framework",
				"${TARGET_BUILD_DIR}/${FRAMEWORKS_FOLDER_PATH}/GoogleDataTransport.framework",
				"${TARGET_BUILD_DIR}/${FRAMEWORKS_FOLDER_PATH}/GoogleUtilities.framework",
				"${TARGET_BUILD_DIR}/${FRAMEWORKS_FOLDER_PATH}/FBLPromises.framework",
				"${TARGET_BUILD_DIR}/${FRAMEWORKS_FOLDER_PATH}/SwiftyStoreKit.framework",
				"${TARGET_BUILD_DIR}/${FRAMEWORKS_FOLDER_PATH}/nanopb.framework",
				"${TARGET_BUILD_DIR}/${FRAMEWORKS_FOLDER_PATH}/FBAEMKit.framework",
				"${TARGET_BUILD_DIR}/${FRAMEWORKS_FOLDER_PATH}/FBSDKCoreKit.framework",
				"${TARGET_BUILD_DIR}/${FRAMEWORKS_FOLDER_PATH}/FBSDKCoreKit_Basics.framework",
			);
			runOnlyForDeploymentPostprocessing = 0;
			shellPath = /bin/sh;
			shellScript = "\"${PODS_ROOT}/Target Support Files/Pods-AstraLib_Example/Pods-AstraLib_Example-frameworks.sh\"\n";
			showEnvVarsInLog = 0;
		};
/* End PBXShellScriptBuildPhase section */

/* Begin PBXSourcesBuildPhase section */
		607FACCC1AFB9204008FA782 /* Sources */ = {
			isa = PBXSourcesBuildPhase;
			buildActionMask = 2147483647;
			files = (
				B7E49B4F28D960C5003F13CC /* UpgradeToPremiumViewController.swift in Sources */,
				B7E49B4228D960BF003F13CC /* FirebaseTracking+Purchase.swift in Sources */,
				607FACD81AFB9204008FA782 /* ViewController.swift in Sources */,
				B7E49B3D28D960BF003F13CC /* PurchaseProduct+Base.swift in Sources */,
				B7E49B4828D960BF003F13CC /* FacebookTracking+Purchase.swift in Sources */,
				B7E49B5228D960D7003F13CC /* BaseViewController.swift in Sources */,
				B7E49B4628D960BF003F13CC /* TrackingEvent.swift in Sources */,
				B7E49B5428D9613D003F13CC /* SceneDelegate.swift in Sources */,
				B7E49B3F28D960BF003F13CC /* SKProduct+Extension.swift in Sources */,
				B7E49B3A28D960BF003F13CC /* SceneDelegate+AstraLib.swift in Sources */,
				607FACD61AFB9204008FA782 /* AppDelegate.swift in Sources */,
				B7E49B3928D960BF003F13CC /* AppDelegate+AstraLib.swift in Sources */,
				B7E49B4128D960BF003F13CC /* AdjustTracking+Purchase.swift in Sources */,
				B7E49B4A28D960BF003F13CC /* AppDelegate+RemoteNotification.swift in Sources */,
				B7E49B4528D960BF003F13CC /* FirebaseTracking+Base.swift in Sources */,
				B7E49B3C28D960BF003F13CC /* IAPHelper.swift in Sources */,
				B7E49B4728D960BF003F13CC /* FacebookTracking+Custom.swift in Sources */,
				B7E49B3B28D960BF003F13CC /* PurchaseProduct+Custom.swift in Sources */,
				B7E49B4928D960BF003F13CC /* TrackingEvent+Name.swift in Sources */,
				B7E49B4028D960BF003F13CC /* AdjustTracking+Custom.swift in Sources */,
				B7E49B3E28D960BF003F13CC /* PurchaseKit+Config.swift in Sources */,
				B7E49B4428D960BF003F13CC /* FirebaseTracking+Custom.swift in Sources */,
			);
			runOnlyForDeploymentPostprocessing = 0;
		};
/* End PBXSourcesBuildPhase section */

/* Begin PBXVariantGroup section */
		607FACD91AFB9204008FA782 /* Main.storyboard */ = {
			isa = PBXVariantGroup;
			children = (
				607FACDA1AFB9204008FA782 /* Base */,
			);
			name = Main.storyboard;
			sourceTree = "<group>";
		};
		607FACDE1AFB9204008FA782 /* LaunchScreen.xib */ = {
			isa = PBXVariantGroup;
			children = (
				607FACDF1AFB9204008FA782 /* Base */,
			);
			name = LaunchScreen.xib;
			sourceTree = "<group>";
		};
/* End PBXVariantGroup section */

/* Begin XCBuildConfiguration section */
		607FACED1AFB9204008FA782 /* Debug */ = {
			isa = XCBuildConfiguration;
			buildSettings = {
				ALWAYS_SEARCH_USER_PATHS = NO;
				CLANG_CXX_LANGUAGE_STANDARD = "gnu++0x";
				CLANG_CXX_LIBRARY = "libc++";
				CLANG_ENABLE_MODULES = YES;
				CLANG_ENABLE_OBJC_ARC = YES;
				CLANG_WARN_BLOCK_CAPTURE_AUTORELEASING = YES;
				CLANG_WARN_BOOL_CONVERSION = YES;
				CLANG_WARN_COMMA = YES;
				CLANG_WARN_CONSTANT_CONVERSION = YES;
				CLANG_WARN_DIRECT_OBJC_ISA_USAGE = YES_ERROR;
				CLANG_WARN_EMPTY_BODY = YES;
				CLANG_WARN_ENUM_CONVERSION = YES;
				CLANG_WARN_INFINITE_RECURSION = YES;
				CLANG_WARN_INT_CONVERSION = YES;
				CLANG_WARN_NON_LITERAL_NULL_CONVERSION = YES;
				CLANG_WARN_OBJC_LITERAL_CONVERSION = YES;
				CLANG_WARN_OBJC_ROOT_CLASS = YES_ERROR;
				CLANG_WARN_RANGE_LOOP_ANALYSIS = YES;
				CLANG_WARN_STRICT_PROTOTYPES = YES;
				CLANG_WARN_SUSPICIOUS_MOVE = YES;
				CLANG_WARN_UNREACHABLE_CODE = YES;
				CLANG_WARN__DUPLICATE_METHOD_MATCH = YES;
				"CODE_SIGN_IDENTITY[sdk=iphoneos*]" = "iPhone Developer";
				COPY_PHASE_STRIP = NO;
				DEBUG_INFORMATION_FORMAT = "dwarf-with-dsym";
				ENABLE_STRICT_OBJC_MSGSEND = YES;
				ENABLE_TESTABILITY = YES;
				GCC_C_LANGUAGE_STANDARD = gnu99;
				GCC_DYNAMIC_NO_PIC = NO;
				GCC_NO_COMMON_BLOCKS = YES;
				GCC_OPTIMIZATION_LEVEL = 0;
				GCC_PREPROCESSOR_DEFINITIONS = (
					"DEBUG=1",
					"$(inherited)",
				);
				GCC_SYMBOLS_PRIVATE_EXTERN = NO;
				GCC_WARN_64_TO_32_BIT_CONVERSION = YES;
				GCC_WARN_ABOUT_RETURN_TYPE = YES_ERROR;
				GCC_WARN_UNDECLARED_SELECTOR = YES;
				GCC_WARN_UNINITIALIZED_AUTOS = YES_AGGRESSIVE;
				GCC_WARN_UNUSED_FUNCTION = YES;
				GCC_WARN_UNUSED_VARIABLE = YES;
				IPHONEOS_DEPLOYMENT_TARGET = 9.3;
				MTL_ENABLE_DEBUG_INFO = YES;
				ONLY_ACTIVE_ARCH = YES;
				OTHER_LDFLAGS = "";
				SDKROOT = iphoneos;
				SWIFT_OPTIMIZATION_LEVEL = "-Onone";
			};
			name = Debug;
		};
		607FACEE1AFB9204008FA782 /* Release */ = {
			isa = XCBuildConfiguration;
			buildSettings = {
				ALWAYS_SEARCH_USER_PATHS = NO;
				CLANG_CXX_LANGUAGE_STANDARD = "gnu++0x";
				CLANG_CXX_LIBRARY = "libc++";
				CLANG_ENABLE_MODULES = YES;
				CLANG_ENABLE_OBJC_ARC = YES;
				CLANG_WARN_BLOCK_CAPTURE_AUTORELEASING = YES;
				CLANG_WARN_BOOL_CONVERSION = YES;
				CLANG_WARN_COMMA = YES;
				CLANG_WARN_CONSTANT_CONVERSION = YES;
				CLANG_WARN_DIRECT_OBJC_ISA_USAGE = YES_ERROR;
				CLANG_WARN_EMPTY_BODY = YES;
				CLANG_WARN_ENUM_CONVERSION = YES;
				CLANG_WARN_INFINITE_RECURSION = YES;
				CLANG_WARN_INT_CONVERSION = YES;
				CLANG_WARN_NON_LITERAL_NULL_CONVERSION = YES;
				CLANG_WARN_OBJC_LITERAL_CONVERSION = YES;
				CLANG_WARN_OBJC_ROOT_CLASS = YES_ERROR;
				CLANG_WARN_RANGE_LOOP_ANALYSIS = YES;
				CLANG_WARN_STRICT_PROTOTYPES = YES;
				CLANG_WARN_SUSPICIOUS_MOVE = YES;
				CLANG_WARN_UNREACHABLE_CODE = YES;
				CLANG_WARN__DUPLICATE_METHOD_MATCH = YES;
				"CODE_SIGN_IDENTITY[sdk=iphoneos*]" = "iPhone Developer";
				COPY_PHASE_STRIP = NO;
				DEBUG_INFORMATION_FORMAT = "dwarf-with-dsym";
				ENABLE_NS_ASSERTIONS = NO;
				ENABLE_STRICT_OBJC_MSGSEND = YES;
				GCC_C_LANGUAGE_STANDARD = gnu99;
				GCC_NO_COMMON_BLOCKS = YES;
				GCC_WARN_64_TO_32_BIT_CONVERSION = YES;
				GCC_WARN_ABOUT_RETURN_TYPE = YES_ERROR;
				GCC_WARN_UNDECLARED_SELECTOR = YES;
				GCC_WARN_UNINITIALIZED_AUTOS = YES_AGGRESSIVE;
				GCC_WARN_UNUSED_FUNCTION = YES;
				GCC_WARN_UNUSED_VARIABLE = YES;
				IPHONEOS_DEPLOYMENT_TARGET = 9.3;
				MTL_ENABLE_DEBUG_INFO = NO;
				OTHER_LDFLAGS = "";
				SDKROOT = iphoneos;
				SWIFT_OPTIMIZATION_LEVEL = "-Owholemodule";
				VALIDATE_PRODUCT = YES;
			};
			name = Release;
		};
		607FACF01AFB9204008FA782 /* Debug */ = {
			isa = XCBuildConfiguration;
			baseConfigurationReference = 61B45163E789B5E77BE2B11A /* Pods-AstraLib_Example.debug.xcconfig */;
			buildSettings = {
				ASSETCATALOG_COMPILER_APPICON_NAME = AppIcon;
				INFOPLIST_FILE = AstraLib/Info.plist;
				IPHONEOS_DEPLOYMENT_TARGET = 13.0;
				LD_RUNPATH_SEARCH_PATHS = "$(inherited) @executable_path/Frameworks";
				MODULE_NAME = ExampleApp;
				PRODUCT_BUNDLE_IDENTIFIER = com.cuongnguyen.demo;
				PRODUCT_NAME = "$(TARGET_NAME)";
				SWIFT_SWIFT3_OBJC_INFERENCE = Default;
				SWIFT_VERSION = 5.0;
			};
			name = Debug;
		};
		607FACF11AFB9204008FA782 /* Release */ = {
			isa = XCBuildConfiguration;
			baseConfigurationReference = 8CAB6D8E069482CF76873A51 /* Pods-AstraLib_Example.release.xcconfig */;
			buildSettings = {
				ASSETCATALOG_COMPILER_APPICON_NAME = AppIcon;
				INFOPLIST_FILE = AstraLib/Info.plist;
				IPHONEOS_DEPLOYMENT_TARGET = 13.0;
				LD_RUNPATH_SEARCH_PATHS = "$(inherited) @executable_path/Frameworks";
				MODULE_NAME = ExampleApp;
				PRODUCT_BUNDLE_IDENTIFIER = com.cuongnguyen.demo;
				PRODUCT_NAME = "$(TARGET_NAME)";
				SWIFT_SWIFT3_OBJC_INFERENCE = Default;
				SWIFT_VERSION = 5.0;
			};
			name = Release;
		};
/* End XCBuildConfiguration section */

/* Begin XCConfigurationList section */
		607FACCB1AFB9204008FA782 /* Build configuration list for PBXProject "AstraLib" */ = {
			isa = XCConfigurationList;
			buildConfigurations = (
				607FACED1AFB9204008FA782 /* Debug */,
				607FACEE1AFB9204008FA782 /* Release */,
			);
			defaultConfigurationIsVisible = 0;
			defaultConfigurationName = Release;
		};
		607FACEF1AFB9204008FA782 /* Build configuration list for PBXNativeTarget "AstraLib_Example" */ = {
			isa = XCConfigurationList;
			buildConfigurations = (
				607FACF01AFB9204008FA782 /* Debug */,
				607FACF11AFB9204008FA782 /* Release */,
			);
			defaultConfigurationIsVisible = 0;
			defaultConfigurationName = Release;
		};
/* End XCConfigurationList section */
	};
	rootObject = 607FACC81AFB9204008FA782 /* Project object */;
}
